{
  "name": "@daita/http-server-common",
  "version": "1.0.0",
  "lockfileVersion": 2,
  "requires": true,
  "packages": {
    "": {
      "name": "@daita/http-server-common",
      "version": "1.0.0",
      "dependencies": {
        "@daita/common": "file:../common",
        "@daita/orm": "file:../orm",
        "@daita/relational": "file:../relational"
      }
    },
    "../common": {
      "version": "1.0.0"
    },
    "../orm": {
      "version": "1.0.0",
      "dependencies": {
        "@daita/common": "file:../common",
        "@daita/relational": "file:../relational"
      },
      "peerDependencies": {
        "typescript": "4 >="
      }
    },
    "../relational": {
      "version": "1.0.0",
      "dependencies": {
        "@daita/common": "file:../common"
      }
    },
    "node_modules/@daita/common": {
      "resolved": "../common",
      "link": true
    },
    "node_modules/@daita/orm": {
      "resolved": "../orm",
      "link": true
    },
    "node_modules/@daita/relational": {
      "resolved": "../relational",
      "link": true
    }
  },
  "dependencies": {
    "@daita/common": {
      "version": "file:../common"
    },
    "@daita/orm": {
      "version": "file:../orm",
      "requires": {
        "@daita/common": "file:../common",
        "@daita/relational": "file:../relational"
      }
    },
    "@daita/relational": {
      "version": "file:../relational",
      "requires": {
        "@daita/common": "file:../common"
      }
    }
  }
}
