{
  "name": "@daita/sqlite-adapter",
  "version": "1.0.0",
  "lockfileVersion": 2,
  "requires": true,
  "packages": {
    "": {
      "name": "@daita/sqlite-adapter",
      "version": "1.0.0",
      "dependencies": {
        "@daita/common": "file:../common",
        "@daita/orm": "file:../orm",
        "@daita/relational": "file:../relational"
      },
      "devDependencies": {
        "typescript": "~4.0.5"
      }
    },
    "../common": {
      "name": "@daita/common",
      "version": "1.0.0",
      "dependencies": {
        "typescript": "~4.0.5"
      }
    },
    "../orm": {
      "version": "1.0.0",
      "dependencies": {
        "@daita/common": "file:../common",
        "@daita/relational": "file:../relational"
      },
      "devDependencies": {
        "typescript": "~4.0.5"
      }
    },
    "../relational": {
      "name": "@daita/relational",
      "version": "1.0.0",
      "dependencies": {
        "@daita/common": "file:../common"
      },
      "devDependencies": {
        "typescript": "~4.0.5"
      }
    },
    "node_modules/@daita/common": {
      "resolved": "../common",
      "link": true
    },
    "node_modules/@daita/orm": {
      "resolved": "../orm",
      "link": true
    },
    "node_modules/@daita/relational": {
      "resolved": "../relational",
      "link": true
    },
    "node_modules/typescript": {
      "version": "4.0.8",
      "resolved": "https://registry.npmjs.org/typescript/-/typescript-4.0.8.tgz",
      "integrity": "sha512-oz1765PN+imfz1MlZzSZPtC/tqcwsCyIYA8L47EkRnRW97ztRk83SzMiWLrnChC0vqoYxSU1fcFUDA5gV/ZiPg==",
      "dev": true,
      "bin": {
        "tsc": "bin/tsc",
        "tsserver": "bin/tsserver"
      },
      "engines": {
        "node": ">=4.2.0"
      }
    }
  },
  "dependencies": {
    "@daita/common": {
      "version": "file:../common",
      "requires": {
        "typescript": "~4.0.5"
      }
    },
    "@daita/orm": {
      "version": "file:../orm",
      "requires": {
        "@daita/common": "file:../common",
        "@daita/relational": "file:../relational",
        "typescript": "~4.0.5"
      }
    },
    "@daita/relational": {
      "version": "file:../relational",
      "requires": {
        "@daita/common": "file:../common",
        "typescript": "~4.0.5"
      }
    },
    "typescript": {
      "version": "4.0.8",
      "resolved": "https://registry.npmjs.org/typescript/-/typescript-4.0.8.tgz",
      "integrity": "sha512-oz1765PN+imfz1MlZzSZPtC/tqcwsCyIYA8L47EkRnRW97ztRk83SzMiWLrnChC0vqoYxSU1fcFUDA5gV/ZiPg==",
      "dev": true
    }
  }
}
