{
  "name": "daita",
  "version": "1.0.0",
  "lockfileVersion": 1,
  "requires": true,
  "dependencies": {
    "@daita/internal-npm-publish": {
      "version": "file:packages/internal/npm-publish",
      "dependencies": {
        "@types/node": {
          "version": "13.13.2",
          "resolved": "https://registry.npmjs.org/@types/node/-/node-13.13.2.tgz",
          "integrity": "sha512-LB2R1Oyhpg8gu4SON/mfforE525+Hi/M1ineICEDftqNVTyFg1aRIeGuTvXAoWHc4nbrFncWtJgMmoyRvuGh7A=="
        },
        "typescript": {
          "version": "3.7.5",
          "resolved": "https://registry.npmjs.org/typescript/-/typescript-3.7.5.tgz",
          "integrity": "sha512-/P5lkRXkWHNAbcJIiHPfRoKqyd7bsyCma1hZNUGfn20qm64T6ZBlrzprymeu918H+mB/0rIg2gGK/BXkhhYgBw=="
        }
      }
    },
    "typescript": {
      "version": "3.9.3",
      "resolved": "https://registry.npmjs.org/typescript/-/typescript-3.9.3.tgz",
      "integrity": "sha512-D/wqnB2xzNFIcoBG9FG8cXRDjiqSTbG2wd8DMZeQyJlP1vfTkIxH4GKveWaEBYySKIg+USu+E+EDIR47SqnaMQ=="
    }
  }
}
