{
	"name": "@daita/relational",
	"version": "1.0.0",
	"lockfileVersion": 2,
	"requires": true,
	"packages": {
		"": {
			"name": "@daita/relational",
			"version": "1.0.0",
			"license": "MIT",
			"dependencies": {
				"@daita/common": "0.3.0-alpha.45"
			}
		},
		"../common": {
			"name": "@daita/common",
			"version": "1.0.0",
			"extraneous": true,
			"license": "MIT",
			"devDependencies": {
				"@types/node": "^16.11.9"
			}
		},
		"node_modules/@daita/common": {
			"version": "0.3.0-alpha.45",
			"resolved": "https://registry.npmjs.org/@daita/common/-/common-0.3.0-alpha.45.tgz",
			"integrity": "sha512-ptMTREPagZ0tdqDKor9qwz4CnH2mbDxHdZuQ8bxfRZiy+nSmecF9bs3yU9aHsdirHsHPgQ7PfZK2npCI3Z393g=="
		}
	},
	"dependencies": {
		"@daita/common": {
			"version": "0.3.0-alpha.45",
			"resolved": "https://registry.npmjs.org/@daita/common/-/common-0.3.0-alpha.45.tgz",
			"integrity": "sha512-ptMTREPagZ0tdqDKor9qwz4CnH2mbDxHdZuQ8bxfRZiy+nSmecF9bs3yU9aHsdirHsHPgQ7PfZK2npCI3Z393g=="
		}
	}
}
