{
  "name": "@daita/iwent",
  "version": "1.0.0",
  "lockfileVersion": 2,
  "requires": true,
  "packages": {
    "": {
      "name": "@daita/iwent",
      "version": "1.0.0",
      "license": "MIT",
      "dependencies": {
        "@daita/common": "file:../common",
        "@daita/node": "file:../node",
        "@daita/orm": "file:../orm",
        "@daita/relational": "file:../relational"
      }
    },
    "../common": {
      "name": "@daita/common",
      "version": "1.0.0",
      "license": "MIT",
      "devDependencies": {
        "@types/node": "^16.11.9"
      }
    },
    "../node": {
      "version": "1.0.0",
      "license": "MIT",
      "dependencies": {
        "@daita/common": "file:../common",
        "dockerode": "^3.2.1",
        "yaml": "^1.10.0"
      },
      "devDependencies": {
        "@daita/http-client-common": "file:../http-client-common",
        "@types/dockerode": "^3.2.0",
        "@types/node": "^16.11.9"
      }
    },
    "../orm": {
      "version": "1.0.0",
      "license": "MIT",
      "dependencies": {
        "@daita/common": "file:../common",
        "@daita/relational": "file:../relational"
      }
    },
    "../relational": {
      "name": "@daita/relational",
      "version": "1.0.0",
      "license": "MIT",
      "dependencies": {
        "@daita/common": "file:../common"
      }
    },
    "node_modules/@daita/common": {
      "resolved": "../common",
      "link": true
    },
    "node_modules/@daita/node": {
      "resolved": "../node",
      "link": true
    },
    "node_modules/@daita/orm": {
      "resolved": "../orm",
      "link": true
    },
    "node_modules/@daita/relational": {
      "resolved": "../relational",
      "link": true
    }
  },
  "dependencies": {
    "@daita/common": {
      "version": "file:../common",
      "requires": {
        "@types/node": "^16.11.9"
      }
    },
    "@daita/node": {
      "version": "file:../node",
      "requires": {
        "@daita/common": "file:../common",
        "@daita/http-client-common": "file:../http-client-common",
        "@types/dockerode": "^3.2.0",
        "@types/node": "^16.11.9",
        "dockerode": "^3.2.1",
        "yaml": "^1.10.0"
      }
    },
    "@daita/orm": {
      "version": "file:../orm",
      "requires": {
        "@daita/common": "file:../common",
        "@daita/relational": "file:../relational"
      }
    },
    "@daita/relational": {
      "version": "file:../relational",
      "requires": {
        "@daita/common": "file:../common"
      }
    }
  }
}
