{
	"name": "@daita/npm",
	"version": "1.0.0",
	"lockfileVersion": 2,
	"requires": true,
	"packages": {
		"": {
			"name": "@daita/npm",
			"version": "1.0.0",
			"devDependencies": {
				"typescript": "~4.0.5"
			}
		},
		"../../packages/node": {
			"name": "@daita/node",
			"version": "1.0.0",
			"extraneous": true,
			"license": "MIT",
			"dependencies": {
				"dockerode": "^3.2.1",
				"yaml": "^1.10.0"
			},
			"devDependencies": {
				"@types/dockerode": "^3.2.0",
				"@types/node": "^16.11.9"
			}
		},
		"../node": {
			"extraneous": true
		},
		"../testing": {
			"name": "@daita/testing",
			"version": "1.0.0",
			"extraneous": true,
			"license": "MIT",
			"dependencies": {
				"@daita/common": "file:../common",
				"@daita/node": "file:../node",
				"@daita/orm": "file:../orm",
				"@daita/relational": "file:../relational"
			}
		},
		"node_modules/typescript": {
			"version": "4.0.8",
			"resolved": "https://registry.npmjs.org/typescript/-/typescript-4.0.8.tgz",
			"integrity": "sha512-oz1765PN+imfz1MlZzSZPtC/tqcwsCyIYA8L47EkRnRW97ztRk83SzMiWLrnChC0vqoYxSU1fcFUDA5gV/ZiPg==",
			"dev": true,
			"bin": {
				"tsc": "bin/tsc",
				"tsserver": "bin/tsserver"
			},
			"engines": {
				"node": ">=4.2.0"
			}
		}
	},
	"dependencies": {
		"typescript": {
			"version": "4.0.8",
			"resolved": "https://registry.npmjs.org/typescript/-/typescript-4.0.8.tgz",
			"integrity": "sha512-oz1765PN+imfz1MlZzSZPtC/tqcwsCyIYA8L47EkRnRW97ztRk83SzMiWLrnChC0vqoYxSU1fcFUDA5gV/ZiPg==",
			"dev": true
		}
	}
}
