{
  "name": "@daita/npm",
  "version": "1.0.0",
  "lockfileVersion": 2,
  "requires": true,
  "packages": {
    "": {
      "name": "@daita/npm",
      "version": "1.0.0",
      "dependencies": {
        "@daita/node": "file:../../packages/node",
        "@daita/testing": "file:../testing"
      },
      "devDependencies": {
        "typescript": "~4.0.5"
      }
    },
    "../../packages/node": {
      "version": "1.0.0",
      "license": "MIT",
      "dependencies": {
        "@daita/common": "file:../common",
        "dockerode": "^3.2.1",
        "yaml": "^1.10.0"
      },
      "devDependencies": {
        "@daita/http-client-common": "file:../http-client-common",
        "@types/dockerode": "^3.2.0",
        "@types/node": "^16.11.9"
      }
    },
    "../node": {
      "extraneous": true
    },
    "../testing": {
      "name": "@daita/testing",
      "version": "1.0.0",
      "license": "MIT",
      "dependencies": {
        "@daita/common": "file:../common",
        "@daita/orm": "file:../orm",
        "@daita/relational": "file:../relational"
      }
    },
    "node_modules/@daita/node": {
      "resolved": "../../packages/node",
      "link": true
    },
    "node_modules/@daita/testing": {
      "resolved": "../testing",
      "link": true
    },
    "node_modules/typescript": {
      "version": "4.0.8",
      "resolved": "https://registry.npmjs.org/typescript/-/typescript-4.0.8.tgz",
      "integrity": "sha512-oz1765PN+imfz1MlZzSZPtC/tqcwsCyIYA8L47EkRnRW97ztRk83SzMiWLrnChC0vqoYxSU1fcFUDA5gV/ZiPg==",
      "dev": true,
      "bin": {
        "tsc": "bin/tsc",
        "tsserver": "bin/tsserver"
      },
      "engines": {
        "node": ">=4.2.0"
      }
    }
  },
  "dependencies": {
    "@daita/node": {
      "version": "file:../../packages/node",
      "requires": {
        "@daita/common": "file:../common",
        "@daita/http-client-common": "file:../http-client-common",
        "@types/dockerode": "^3.2.0",
        "@types/node": "^16.11.9",
        "dockerode": "^3.2.1",
        "yaml": "^1.10.0"
      }
    },
    "@daita/testing": {
      "version": "file:../testing",
      "requires": {
        "@daita/common": "file:../common",
        "@daita/orm": "file:../orm",
        "@daita/relational": "file:../relational"
      }
    },
    "typescript": {
      "version": "4.0.8",
      "resolved": "https://registry.npmjs.org/typescript/-/typescript-4.0.8.tgz",
      "integrity": "sha512-oz1765PN+imfz1MlZzSZPtC/tqcwsCyIYA8L47EkRnRW97ztRk83SzMiWLrnChC0vqoYxSU1fcFUDA5gV/ZiPg==",
      "dev": true
    }
  }
}
