{
  "name": "mowntain",
  "version": "1.0.0",
  "lockfileVersion": 2,
  "requires": true,
  "packages": {
    "": {
      "name": "mowntain",
      "version": "1.0.0",
      "dependencies": {
        "@daita/orm": "file:../../packages/orm",
        "@daita/relational": "file:../../packages/relational",
        "@daita/sqlite-adapter": "file:../../packages/sqlite-adapter"
      }
    },
    "../../packages/orm": {
      "name": "@daita/orm",
      "version": "1.0.0",
      "dependencies": {
        "@daita/common": "file:../common"
      },
      "devDependencies": {
        "typescript": "~4.0.5"
      }
    },
    "../../packages/relational": {
      "name": "@daita/relational",
      "version": "1.0.0",
      "dependencies": {
        "@daita/common": "file:../common"
      },
      "devDependencies": {
        "typescript": "~4.0.5"
      }
    },
    "../../packages/sqlite-adapter": {
      "name": "@daita/sqlite-adapter",
      "version": "1.0.0",
      "dependencies": {
        "@daita/common": "file:../common",
        "@daita/relational": "file:../relational"
      },
      "devDependencies": {
        "typescript": "~4.0.5"
      }
    },
    "node_modules/@daita/orm": {
      "resolved": "../../packages/orm",
      "link": true
    },
    "node_modules/@daita/relational": {
      "resolved": "../../packages/relational",
      "link": true
    },
    "node_modules/@daita/sqlite-adapter": {
      "resolved": "../../packages/sqlite-adapter",
      "link": true
    }
  },
  "dependencies": {
    "@daita/orm": {
      "version": "file:../../packages/orm",
      "requires": {
        "@daita/common": "file:../common",
        "typescript": "~4.0.5"
      }
    },
    "@daita/relational": {
      "version": "file:../../packages/relational",
      "requires": {
        "@daita/common": "file:../common",
        "typescript": "~4.0.5"
      }
    },
    "@daita/sqlite-adapter": {
      "version": "file:../../packages/sqlite-adapter",
      "requires": {
        "@daita/common": "file:../common",
        "@daita/relational": "file:../relational",
        "typescript": "~4.0.5"
      }
    }
  }
}
