{
  "name": "mowntain",
  "version": "1.0.0",
  "lockfileVersion": 2,
  "requires": true,
  "packages": {
    "": {
      "name": "mowntain",
      "version": "1.0.0",
      "dependencies": {
        "@daita/common": "file:../../packages/common",
        "@daita/mariadb-adapter": "file:../../packages/mariadb-adapter",
        "@daita/orm": "file:../../packages/orm",
        "@daita/pg-adapter": "file:../../packages/pg-adapter",
        "@daita/relational": "file:../../packages/relational",
        "@daita/sqlite-adapter": "file:../../packages/sqlite-adapter"
      },
      "devDependencies": {
        "@daita/testing": "file:../../tooling/testing"
      }
    },
    "../../packages/common": {
      "version": "1.0.0",
      "license": "MIT",
      "devDependencies": {
        "@types/node": "^16.11.9"
      }
    },
    "../../packages/mariadb-adapter": {
      "name": "@daita/mariadb-adapter",
      "version": "1.0.0",
      "license": "MIT",
      "dependencies": {
        "@daita/common": "file:../common",
        "@daita/orm": "file:../orm",
        "@daita/relational": "file:../relational",
        "mariadb": "^2.5.1"
      },
      "devDependencies": {}
    },
    "../../packages/orm": {
      "name": "@daita/orm",
      "version": "1.0.0",
      "license": "MIT",
      "dependencies": {
        "@daita/common": "file:../common",
        "@daita/relational": "file:../relational"
      }
    },
    "../../packages/pg-adapter": {
      "name": "@daita/pg-adapter",
      "version": "1.0.0",
      "license": "MIT",
      "dependencies": {
        "@daita/common": "file:../common",
        "@daita/node": "file:../node",
        "@daita/orm": "file:../orm",
        "@daita/relational": "file:../relational",
        "pg": "^8.4.2"
      },
      "devDependencies": {
        "@types/pg": "^7.14.4"
      }
    },
    "../../packages/relational": {
      "name": "@daita/relational",
      "version": "1.0.0",
      "license": "MIT",
      "dependencies": {
        "@daita/common": "file:../common"
      }
    },
    "../../packages/sqlite-adapter": {
      "name": "@daita/sqlite-adapter",
      "version": "1.0.0",
      "license": "MIT",
      "dependencies": {
        "@daita/common": "file:../common",
        "@daita/orm": "file:../orm",
        "@daita/relational": "file:../relational",
        "sqlite3": "^5.0.2"
      },
      "devDependencies": {
        "@types/sqlite3": "^3.1.7"
      }
    },
    "../../packages/testing": {
      "version": "1.0.0",
      "extraneous": true,
      "license": "MIT",
      "dependencies": {
        "@daita/common": "file:../common",
        "@daita/orm": "file:../orm",
        "@daita/relational": "file:../relational"
      }
    },
    "../../tooling/testing": {
      "version": "1.0.0",
      "dev": true,
      "license": "MIT",
      "dependencies": {
        "@daita/common": "file:../common",
        "@daita/orm": "file:../orm",
        "@daita/relational": "file:../relational"
      }
    },
    "node_modules/@daita/common": {
      "resolved": "../../packages/common",
      "link": true
    },
    "node_modules/@daita/mariadb-adapter": {
      "resolved": "../../packages/mariadb-adapter",
      "link": true
    },
    "node_modules/@daita/orm": {
      "resolved": "../../packages/orm",
      "link": true
    },
    "node_modules/@daita/pg-adapter": {
      "resolved": "../../packages/pg-adapter",
      "link": true
    },
    "node_modules/@daita/relational": {
      "resolved": "../../packages/relational",
      "link": true
    },
    "node_modules/@daita/sqlite-adapter": {
      "resolved": "../../packages/sqlite-adapter",
      "link": true
    },
    "node_modules/@daita/testing": {
      "resolved": "../../tooling/testing",
      "link": true
    }
  },
  "dependencies": {
    "@daita/common": {
      "version": "file:../../packages/common",
      "requires": {
        "@types/node": "^16.11.9"
      }
    },
    "@daita/mariadb-adapter": {
      "version": "file:../../packages/mariadb-adapter",
      "requires": {
        "@daita/common": "file:../common",
        "@daita/orm": "file:../orm",
        "@daita/relational": "file:../relational",
        "mariadb": "^2.5.1"
      }
    },
    "@daita/orm": {
      "version": "file:../../packages/orm",
      "requires": {
        "@daita/common": "file:../common",
        "@daita/relational": "file:../relational"
      }
    },
    "@daita/pg-adapter": {
      "version": "file:../../packages/pg-adapter",
      "requires": {
        "@daita/common": "file:../common",
        "@daita/node": "file:../node",
        "@daita/orm": "file:../orm",
        "@daita/relational": "file:../relational",
        "@types/pg": "^7.14.4",
        "pg": "^8.4.2"
      }
    },
    "@daita/relational": {
      "version": "file:../../packages/relational",
      "requires": {
        "@daita/common": "file:../common"
      }
    },
    "@daita/sqlite-adapter": {
      "version": "file:../../packages/sqlite-adapter",
      "requires": {
        "@daita/common": "file:../common",
        "@daita/orm": "file:../orm",
        "@daita/relational": "file:../relational",
        "@types/sqlite3": "^3.1.7",
        "sqlite3": "^5.0.2"
      }
    },
    "@daita/testing": {
      "version": "file:../../tooling/testing",
      "requires": {
        "@daita/common": "file:../common",
        "@daita/orm": "file:../orm",
        "@daita/relational": "file:../relational"
      }
    }
  }
}
