{
  "name": "@daita/http-client-common",
  "version": "1.0.0",
  "lockfileVersion": 2,
  "requires": true,
  "packages": {
    "": {
      "name": "@daita/http-client-common",
      "version": "1.0.0",
      "dependencies": {
        "@daita/common": "file:../common"
      }
    },
    "../common": {
      "version": "1.0.0"
    },
    "node_modules/@daita/common": {
      "resolved": "../common",
      "link": true
    }
  },
  "dependencies": {
    "@daita/common": {
      "version": "file:../common"
    }
  }
}
