{
	"name": "@daita/common",
	"version": "0.4.0-alpha.3",
	"lockfileVersion": 2,
	"requires": true,
	"packages": {
		"": {
			"name": "@daita/common",
			"version": "0.4.0-alpha.2",
			"license": "MIT",
			"devDependencies": {
				"@types/node": "^16.11.9"
			}
		},
		"node_modules/@types/node": {
			"version": "16.11.17",
			"resolved": "https://registry.npmjs.org/@types/node/-/node-16.11.17.tgz",
			"integrity": "sha512-C1vTZME8cFo8uxY2ui41xcynEotVkczIVI5AjLmy5pkpBv/FtG+jhtOlfcPysI8VRVwoOMv6NJm44LGnoMSWkw==",
			"dev": true
		}
	},
	"dependencies": {
		"@types/node": {
			"version": "16.11.17",
			"resolved": "https://registry.npmjs.org/@types/node/-/node-16.11.17.tgz",
			"integrity": "sha512-C1vTZME8cFo8uxY2ui41xcynEotVkczIVI5AjLmy5pkpBv/FtG+jhtOlfcPysI8VRVwoOMv6NJm44LGnoMSWkw==",
			"dev": true
		}
	}
}
