{
  "name": "@daita/mariadb-adapter",
  "version": "0.4.0-alpha.5",
  "lockfileVersion": 2,
  "requires": true,
  "packages": {
    "": {
      "name": "@daita/mariadb-adapter",
      "version": "0.4.0-alpha.5",
      "license": "MIT",
      "dependencies": {
        "@daita/common": "^0.4.0-alpha.5",
        "@daita/node": "^0.4.0-alpha.5",
        "@daita/orm": "^0.4.0-alpha.5",
        "@daita/relational": "^0.4.0-alpha.5",
        "mariadb": "^2.5.1"
      }
    },
    "node_modules/@daita/common": {
      "version": "0.4.0-alpha.5",
      "resolved": "https://registry.npmjs.org/@daita/common/-/common-0.4.0-alpha.5.tgz",
      "integrity": "sha512-2DHoq1cq4gCf2o9+BnvCZ0t+9YKX00mBlv19eZ37y2m0yyETkfj4vQkChTKnY9nOQlY7UK7rFu6qKFBqVzvJIQ=="
    },
    "node_modules/@daita/http-adapter": {
      "version": "0.4.0-alpha.5",
      "resolved": "https://registry.npmjs.org/@daita/http-adapter/-/http-adapter-0.4.0-alpha.5.tgz",
      "integrity": "sha512-vh/at1LKY4/DHoNlqWo0t8TsdoHVNdL5wnI1hBarZL9JCv5eRIdlICVo/c1NgQMCX+Q9IJayjYMjLCDATBGjtA==",
      "dependencies": {
        "@daita/common": "^0.4.0-alpha.5",
        "@daita/http-interface": "^0.4.0-alpha.5",
        "@daita/orm": "^0.4.0-alpha.5",
        "@daita/relational": "^0.4.0-alpha.5"
      }
    },
    "node_modules/@daita/http-interface": {
      "version": "0.4.0-alpha.5",
      "resolved": "https://registry.npmjs.org/@daita/http-interface/-/http-interface-0.4.0-alpha.5.tgz",
      "integrity": "sha512-nf1XzjTK/mfED8bQBp2wQmwe9Wqx1UgNWH12ulCV6HdjpHjQLiGZRmEcIkNqyqinRKoLD/SNk/LoU1ofUFwnkg==",
      "dependencies": {
        "@daita/common": "^0.4.0-alpha.5"
      }
    },
    "node_modules/@daita/node": {
      "version": "0.4.0-alpha.5",
      "resolved": "https://registry.npmjs.org/@daita/node/-/node-0.4.0-alpha.5.tgz",
      "integrity": "sha512-j+AKmP90yexB24uhXnUCGi6r7nlfePIX4APta+Vcar+RqF7oB3c8i9rXo1mB+KhrMMqW8832Yhoub6DrGvZliQ==",
      "dependencies": {
        "@daita/common": "^0.4.0-alpha.5",
        "@daita/http-adapter": "^0.4.0-alpha.5",
        "@daita/http-interface": "^0.4.0-alpha.5",
        "@daita/orm": "^0.4.0-alpha.5",
        "@daita/relational": "^0.4.0-alpha.5",
        "yaml": "^1.10.0"
      }
    },
    "node_modules/@daita/orm": {
      "version": "0.4.0-alpha.5",
      "resolved": "https://registry.npmjs.org/@daita/orm/-/orm-0.4.0-alpha.5.tgz",
      "integrity": "sha512-jkiXdX7KTavr6ndgBfuzjaUXbQfbe8HSfqDa7dDPsICOaLRWfitufiuZB13DML3/iAKS8E/W7RRafw5aOVrGVw==",
      "dependencies": {
        "@daita/common": "^0.4.0-alpha.5",
        "@daita/relational": "^0.4.0-alpha.5"
      }
    },
    "node_modules/@daita/relational": {
      "version": "0.4.0-alpha.5",
      "resolved": "https://registry.npmjs.org/@daita/relational/-/relational-0.4.0-alpha.5.tgz",
      "integrity": "sha512-eXk89+ePusZfYejim1x2gzcbuhYZtjVXk4PyATKF551kN5CqmlixdAJWlCw5Xcu7M2J8P67TLLhFCUE8gkwWXA==",
      "dependencies": {
        "@daita/common": "^0.4.0-alpha.5"
      }
    },
    "node_modules/@types/geojson": {
      "version": "7946.0.8",
      "resolved": "https://registry.npmjs.org/@types/geojson/-/geojson-7946.0.8.tgz",
      "integrity": "sha512-1rkryxURpr6aWP7R786/UQOkJ3PcpQiWkAXBmdWc7ryFWqN6a4xfK7BtjXvFBKO9LjQ+MWQSWxYeZX1OApnArA=="
    },
    "node_modules/@types/node": {
      "version": "14.18.2",
      "resolved": "https://registry.npmjs.org/@types/node/-/node-14.18.2.tgz",
      "integrity": "sha512-fqtSN5xn/bBzDxMT77C1rJg6CsH/R49E7qsGuvdPJa20HtV5zSTuLJPNfnlyVH3wauKnkHdLggTVkOW/xP9oQg=="
    },
    "node_modules/denque": {
      "version": "1.5.1",
      "resolved": "https://registry.npmjs.org/denque/-/denque-1.5.1.tgz",
      "integrity": "sha512-XwE+iZ4D6ZUB7mfYRMb5wByE8L74HCn30FBN7sWnXksWc1LO1bPDl67pBR9o/kC4z/xSNAwkMYcGgqDV3BE3Hw==",
      "engines": {
        "node": ">=0.10"
      }
    },
    "node_modules/iconv-lite": {
      "version": "0.6.3",
      "resolved": "https://registry.npmjs.org/iconv-lite/-/iconv-lite-0.6.3.tgz",
      "integrity": "sha512-4fCk79wshMdzMp2rH06qWrJE4iolqLhCUH+OiuIgU++RB0+94NlDL81atO7GX55uUKueo0txHNtvEyI6D7WdMw==",
      "dependencies": {
        "safer-buffer": ">= 2.1.2 < 3.0.0"
      },
      "engines": {
        "node": ">=0.10.0"
      }
    },
    "node_modules/long": {
      "version": "4.0.0",
      "resolved": "https://registry.npmjs.org/long/-/long-4.0.0.tgz",
      "integrity": "sha512-XsP+KhQif4bjX1kbuSiySJFNAehNxgLb6hPRGJ9QsUr8ajHkuXGdrHmFUTUUXhDwVX2R5bY4JNZEwbUiMhV+MA=="
    },
    "node_modules/mariadb": {
      "version": "2.5.5",
      "resolved": "https://registry.npmjs.org/mariadb/-/mariadb-2.5.5.tgz",
      "integrity": "sha512-6dklvcKWuuaV1JjAwnE2ezR+jTt7JrZHftgeHHBmjB0wgfaUpdxol1DPWclwMcCrsO9yoM0FuCOiCcCgXc//9Q==",
      "dependencies": {
        "@types/geojson": "^7946.0.7",
        "@types/node": "^14.14.28",
        "denque": "^1.5.0",
        "iconv-lite": "^0.6.3",
        "long": "^4.0.0",
        "moment-timezone": "^0.5.33",
        "please-upgrade-node": "^3.2.0"
      },
      "engines": {
        "node": ">= 10.13"
      }
    },
    "node_modules/moment": {
      "version": "2.29.3",
      "resolved": "https://registry.npmjs.org/moment/-/moment-2.29.3.tgz",
      "integrity": "sha512-c6YRvhEo//6T2Jz/vVtYzqBzwvPT95JBQ+smCytzf7c50oMZRsR/a4w88aD34I+/QVSfnoAnSBFPJHItlOMJVw==",
      "engines": {
        "node": "*"
      }
    },
    "node_modules/moment-timezone": {
      "version": "0.5.34",
      "resolved": "https://registry.npmjs.org/moment-timezone/-/moment-timezone-0.5.34.tgz",
      "integrity": "sha512-3zAEHh2hKUs3EXLESx/wsgw6IQdusOT8Bxm3D9UrHPQR7zlMmzwybC8zHEM1tQ4LJwP7fcxrWr8tuBg05fFCbg==",
      "dependencies": {
        "moment": ">= 2.9.0"
      },
      "engines": {
        "node": "*"
      }
    },
    "node_modules/please-upgrade-node": {
      "version": "3.2.0",
      "resolved": "https://registry.npmjs.org/please-upgrade-node/-/please-upgrade-node-3.2.0.tgz",
      "integrity": "sha512-gQR3WpIgNIKwBMVLkpMUeR3e1/E1y42bqDQZfql+kDeXd8COYfM8PQA4X6y7a8u9Ua9FHmsrrmirW2vHs45hWg==",
      "dependencies": {
        "semver-compare": "^1.0.0"
      }
    },
    "node_modules/safer-buffer": {
      "version": "2.1.2",
      "resolved": "https://registry.npmjs.org/safer-buffer/-/safer-buffer-2.1.2.tgz",
      "integrity": "sha512-YZo3K82SD7Riyi0E1EQPojLz7kpepnSQI9IyPbHHg1XXXevb5dJI7tpyN2ADxGcQbHG7vcyRHk0cbwqcQriUtg=="
    },
    "node_modules/semver-compare": {
      "version": "1.0.0",
      "resolved": "https://registry.npmjs.org/semver-compare/-/semver-compare-1.0.0.tgz",
      "integrity": "sha1-De4hahyUGrN+nvsXiPavxf9VN/w="
    },
    "node_modules/yaml": {
      "version": "1.10.2",
      "resolved": "https://registry.npmjs.org/yaml/-/yaml-1.10.2.tgz",
      "integrity": "sha512-r3vXyErRCYJ7wg28yvBY5VSoAF8ZvlcW9/BwUzEtUsjvX/DKs24dIkuwjtuprwJJHsbyUbLApepYTR1BN4uHrg==",
      "engines": {
        "node": ">= 6"
      }
    }
  },
  "dependencies": {
    "@daita/common": {
      "version": "0.4.0-alpha.5",
      "resolved": "https://registry.npmjs.org/@daita/common/-/common-0.4.0-alpha.5.tgz",
      "integrity": "sha512-2DHoq1cq4gCf2o9+BnvCZ0t+9YKX00mBlv19eZ37y2m0yyETkfj4vQkChTKnY9nOQlY7UK7rFu6qKFBqVzvJIQ=="
    },
    "@daita/http-adapter": {
      "version": "0.4.0-alpha.5",
      "resolved": "https://registry.npmjs.org/@daita/http-adapter/-/http-adapter-0.4.0-alpha.5.tgz",
      "integrity": "sha512-vh/at1LKY4/DHoNlqWo0t8TsdoHVNdL5wnI1hBarZL9JCv5eRIdlICVo/c1NgQMCX+Q9IJayjYMjLCDATBGjtA==",
      "requires": {
        "@daita/common": "^0.4.0-alpha.5",
        "@daita/http-interface": "^0.4.0-alpha.5",
        "@daita/orm": "^0.4.0-alpha.5",
        "@daita/relational": "^0.4.0-alpha.5"
      }
    },
    "@daita/http-interface": {
      "version": "0.4.0-alpha.5",
      "resolved": "https://registry.npmjs.org/@daita/http-interface/-/http-interface-0.4.0-alpha.5.tgz",
      "integrity": "sha512-nf1XzjTK/mfED8bQBp2wQmwe9Wqx1UgNWH12ulCV6HdjpHjQLiGZRmEcIkNqyqinRKoLD/SNk/LoU1ofUFwnkg==",
      "requires": {
        "@daita/common": "^0.4.0-alpha.5"
      }
    },
    "@daita/node": {
      "version": "0.4.0-alpha.5",
      "resolved": "https://registry.npmjs.org/@daita/node/-/node-0.4.0-alpha.5.tgz",
      "integrity": "sha512-j+AKmP90yexB24uhXnUCGi6r7nlfePIX4APta+Vcar+RqF7oB3c8i9rXo1mB+KhrMMqW8832Yhoub6DrGvZliQ==",
      "requires": {
        "@daita/common": "^0.4.0-alpha.5",
        "@daita/http-adapter": "^0.4.0-alpha.5",
        "@daita/http-interface": "^0.4.0-alpha.5",
        "@daita/orm": "^0.4.0-alpha.5",
        "@daita/relational": "^0.4.0-alpha.5",
        "yaml": "^1.10.0"
      }
    },
    "@daita/orm": {
      "version": "0.4.0-alpha.5",
      "resolved": "https://registry.npmjs.org/@daita/orm/-/orm-0.4.0-alpha.5.tgz",
      "integrity": "sha512-jkiXdX7KTavr6ndgBfuzjaUXbQfbe8HSfqDa7dDPsICOaLRWfitufiuZB13DML3/iAKS8E/W7RRafw5aOVrGVw==",
      "requires": {
        "@daita/common": "^0.4.0-alpha.5",
        "@daita/relational": "^0.4.0-alpha.5"
      }
    },
    "@daita/relational": {
      "version": "0.4.0-alpha.5",
      "resolved": "https://registry.npmjs.org/@daita/relational/-/relational-0.4.0-alpha.5.tgz",
      "integrity": "sha512-eXk89+ePusZfYejim1x2gzcbuhYZtjVXk4PyATKF551kN5CqmlixdAJWlCw5Xcu7M2J8P67TLLhFCUE8gkwWXA==",
      "requires": {
        "@daita/common": "^0.4.0-alpha.5"
      }
    },
    "@types/geojson": {
      "version": "7946.0.8",
      "resolved": "https://registry.npmjs.org/@types/geojson/-/geojson-7946.0.8.tgz",
      "integrity": "sha512-1rkryxURpr6aWP7R786/UQOkJ3PcpQiWkAXBmdWc7ryFWqN6a4xfK7BtjXvFBKO9LjQ+MWQSWxYeZX1OApnArA=="
    },
    "@types/node": {
      "version": "14.18.2",
      "resolved": "https://registry.npmjs.org/@types/node/-/node-14.18.2.tgz",
      "integrity": "sha512-fqtSN5xn/bBzDxMT77C1rJg6CsH/R49E7qsGuvdPJa20HtV5zSTuLJPNfnlyVH3wauKnkHdLggTVkOW/xP9oQg=="
    },
    "denque": {
      "version": "1.5.1",
      "resolved": "https://registry.npmjs.org/denque/-/denque-1.5.1.tgz",
      "integrity": "sha512-XwE+iZ4D6ZUB7mfYRMb5wByE8L74HCn30FBN7sWnXksWc1LO1bPDl67pBR9o/kC4z/xSNAwkMYcGgqDV3BE3Hw=="
    },
    "iconv-lite": {
      "version": "0.6.3",
      "resolved": "https://registry.npmjs.org/iconv-lite/-/iconv-lite-0.6.3.tgz",
      "integrity": "sha512-4fCk79wshMdzMp2rH06qWrJE4iolqLhCUH+OiuIgU++RB0+94NlDL81atO7GX55uUKueo0txHNtvEyI6D7WdMw==",
      "requires": {
        "safer-buffer": ">= 2.1.2 < 3.0.0"
      }
    },
    "long": {
      "version": "4.0.0",
      "resolved": "https://registry.npmjs.org/long/-/long-4.0.0.tgz",
      "integrity": "sha512-XsP+KhQif4bjX1kbuSiySJFNAehNxgLb6hPRGJ9QsUr8ajHkuXGdrHmFUTUUXhDwVX2R5bY4JNZEwbUiMhV+MA=="
    },
    "mariadb": {
      "version": "2.5.5",
      "resolved": "https://registry.npmjs.org/mariadb/-/mariadb-2.5.5.tgz",
      "integrity": "sha512-6dklvcKWuuaV1JjAwnE2ezR+jTt7JrZHftgeHHBmjB0wgfaUpdxol1DPWclwMcCrsO9yoM0FuCOiCcCgXc//9Q==",
      "requires": {
        "@types/geojson": "^7946.0.7",
        "@types/node": "^14.14.28",
        "denque": "^1.5.0",
        "iconv-lite": "^0.6.3",
        "long": "^4.0.0",
        "moment-timezone": "^0.5.33",
        "please-upgrade-node": "^3.2.0"
      }
    },
    "moment": {
      "version": "2.29.3",
      "resolved": "https://registry.npmjs.org/moment/-/moment-2.29.3.tgz",
      "integrity": "sha512-c6YRvhEo//6T2Jz/vVtYzqBzwvPT95JBQ+smCytzf7c50oMZRsR/a4w88aD34I+/QVSfnoAnSBFPJHItlOMJVw=="
    },
    "moment-timezone": {
      "version": "0.5.34",
      "resolved": "https://registry.npmjs.org/moment-timezone/-/moment-timezone-0.5.34.tgz",
      "integrity": "sha512-3zAEHh2hKUs3EXLESx/wsgw6IQdusOT8Bxm3D9UrHPQR7zlMmzwybC8zHEM1tQ4LJwP7fcxrWr8tuBg05fFCbg==",
      "requires": {
        "moment": ">= 2.9.0"
      }
    },
    "please-upgrade-node": {
      "version": "3.2.0",
      "resolved": "https://registry.npmjs.org/please-upgrade-node/-/please-upgrade-node-3.2.0.tgz",
      "integrity": "sha512-gQR3WpIgNIKwBMVLkpMUeR3e1/E1y42bqDQZfql+kDeXd8COYfM8PQA4X6y7a8u9Ua9FHmsrrmirW2vHs45hWg==",
      "requires": {
        "semver-compare": "^1.0.0"
      }
    },
    "safer-buffer": {
      "version": "2.1.2",
      "resolved": "https://registry.npmjs.org/safer-buffer/-/safer-buffer-2.1.2.tgz",
      "integrity": "sha512-YZo3K82SD7Riyi0E1EQPojLz7kpepnSQI9IyPbHHg1XXXevb5dJI7tpyN2ADxGcQbHG7vcyRHk0cbwqcQriUtg=="
    },
    "semver-compare": {
      "version": "1.0.0",
      "resolved": "https://registry.npmjs.org/semver-compare/-/semver-compare-1.0.0.tgz",
      "integrity": "sha1-De4hahyUGrN+nvsXiPavxf9VN/w="
    },
    "yaml": {
      "version": "1.10.2",
      "resolved": "https://registry.npmjs.org/yaml/-/yaml-1.10.2.tgz",
      "integrity": "sha512-r3vXyErRCYJ7wg28yvBY5VSoAF8ZvlcW9/BwUzEtUsjvX/DKs24dIkuwjtuprwJJHsbyUbLApepYTR1BN4uHrg=="
    }
  }
}
